
Microsoft Visual Studio Solution File, Format Version 12.00
# Visual Studio Version 16
VisualStudioVersion = 16.0.30523.141
MinimumVisualStudioVersion = 10.0.40219.1
Project("{FAE04EC0-301F-11D3-BF4B-00C04F79EFBC}") = "NameGuesser", "NameGuesser\NameGuesser.csproj", "{C8295D32-C8E2-4C5A-BD38-C11B34FBA482}"
EndProject
Global
	GlobalSection(SolutionConfigurationPlatforms) = preSolution
		Debug|Any CPU = Debug|Any CPU
		Release|Any CPU = Release|Any CPU
	EndGlobalSection
	GlobalSection(ProjectConfigurationPlatforms) = postSolution
		{C8295D32-C8E2-4C5A-BD38-C11B34FBA482}.Debug|Any CPU.ActiveCfg = Debug|Any CPU
		{C8295D32-C8E2-4C5A-BD38-C11B34FBA482}.Debug|Any CPU.Build.0 = Debug|Any CPU
		{C8295D32-C8E2-4C5A-BD38-C11B34FBA482}.Release|Any CPU.ActiveCfg = Release|Any CPU
		{C8295D32-C8E2-4C5A-BD38-C11B34FBA482}.Release|Any CPU.Build.0 = Release|Any CPU
	EndGlobalSection
	GlobalSection(SolutionProperties) = preSolution
		HideSolutionNode = FALSE
	EndGlobalSection
	GlobalSection(ExtensibilityGlobals) = postSolution
		SolutionGuid = {55656C94-8A53-4801-B4F1-C5E8D49AF267}
	EndGlobalSection
EndGlobal
